// !$*UTF8*$!
{
	archiveVersion = 1;
	classes = {
	};
	objectVersion = 77;
	objects = {

/* Begin PBXBuildFile section */
		DC0D7E452EF254EE00A9B370 /* GoogleGenerativeAI in Frameworks */ = {isa = PBXBuildFile; productRef = DC0D7E442EF254EE00A9B370 /* GoogleGenerativeAI */; };
		DC5521D22EF1193800ABAA8E /* GoogleMaps in Frameworks */ = {isa = PBXBuildFile; productRef = DC5521D12EF1193800ABAA8E /* GoogleMaps */; };
		DC5521DA2EF119C600ABAA8E /* SDWebImageSwiftUI in Frameworks */ = {isa = PBXBuildFile; productRef = DC5521D92EF119C600ABAA8E /* SDWebImageSwiftUI */; };
		DC70C2D62EE95B82008E663F /* README.md in Resources */ = {isa = PBXBuildFile; fileRef = DC70C2D52EE95B82008E663F /* README.md */; };
/* End PBXBuildFile section */

/* Begin PBXContainerItemProxy section */
		DC70C2B72EE95998008E663F /* PBXContainerItemProxy */ = {
			isa = PBXContainerItemProxy;
			containerPortal = DC70C2A12EE95995008E663F /* Project object */;
			proxyType = 1;
			remoteGlobalIDString = DC70C2A82EE95995008E663F;
			remoteInfo = "AgiBank-TravelLog";
		};
		DC70C2C12EE95998008E663F /* PBXContainerItemProxy */ = {
			isa = PBXContainerItemProxy;
			containerPortal = DC70C2A12EE95995008E663F /* Project object */;
			proxyType = 1;
			remoteGlobalIDString = DC70C2A82EE95995008E663F;
			remoteInfo = "AgiBank-TravelLog";
		};
/* End PBXContainerItemProxy section */

/* Begin PBXFileReference section */
		DC70C2A92EE95995008E663F /* AgiBank-TravelLog.app */ = {isa = PBXFileReference; explicitFileType = wrapper.application; includeInIndex = 0; path = "AgiBank-TravelLog.app"; sourceTree = BUILT_PRODUCTS_DIR; };
		DC70C2B62EE95998008E663F /* AgiBank-TravelLogTests.xctest */ = {isa = PBXFileReference; explicitFileType = wrapper.cfbundle; includeInIndex = 0; path = "AgiBank-TravelLogTests.xctest"; sourceTree = BUILT_PRODUCTS_DIR; };
		DC70C2C02EE95998008E663F /* AgiBank-TravelLogUITests.xctest */ = {isa = PBXFileReference; explicitFileType = wrapper.cfbundle; includeInIndex = 0; path = "AgiBank-TravelLogUITests.xctest"; sourceTree = BUILT_PRODUCTS_DIR; };
		DC70C2D52EE95B82008E663F /* README.md */ = {isa = PBXFileReference; lastKnownFileType = net.daringfireball.markdown; path = README.md; sourceTree = "<group>"; };
/* End PBXFileReference section */

/* Begin PBXFileSystemSynchronizedBuildFileExceptionSet section */
		DC5521CA2EF10C4500ABAA8E /* Exceptions for "AgiBank-TravelLog" folder in "AgiBank-TravelLog" target */ = {
			isa = PBXFileSystemSynchronizedBuildFileExceptionSet;
			membershipExceptions = (
				Info.plist,
			);
			target = DC70C2A82EE95995008E663F /* AgiBank-TravelLog */;
		};
/* End PBXFileSystemSynchronizedBuildFileExceptionSet section */

/* Begin PBXFileSystemSynchronizedRootGroup section */
		DC70C2AB2EE95995008E663F /* AgiBank-TravelLog */ = {
			isa = PBXFileSystemSynchronizedRootGroup;
			exceptions = (
				DC5521CA2EF10C4500ABAA8E /* Exceptions for "AgiBank-TravelLog" folder in "AgiBank-TravelLog" target */,
			);
			path = "AgiBank-TravelLog";
			sourceTree = "<group>";
		};
		DC70C2B92EE95998008E663F /* AgiBank-TravelLogTests */ = {
			isa = PBXFileSystemSynchronizedRootGroup;
			path = "AgiBank-TravelLogTests";
			sourceTree = "<group>";
		};
		DC70C2C32EE95998008E663F /* AgiBank-TravelLogUITests */ = {
			isa = PBXFileSystemSynchronizedRootGroup;
			path = "AgiBank-TravelLogUITests";
			sourceTree = "<group>";
		};
/* End PBXFileSystemSynchronizedRootGroup section */

/* Begin PBXFrameworksBuildPhase section */
		DC70C2A62EE95995008E663F /* Frameworks */ = {
			isa = PBXFrameworksBuildPhase;
			buildActionMask = 2147483647;
			files = (
				DC0D7E452EF254EE00A9B370 /* GoogleGenerativeAI in Frameworks */,
				DC5521DA2EF119C600ABAA8E /* SDWebImageSwiftUI in Frameworks */,
				DC5521D22EF1193800ABAA8E /* GoogleMaps in Frameworks */,
			);
			runOnlyForDeploymentPostprocessing = 0;
		};
		DC70C2B32EE95998008E663F /* Frameworks */ = {
			isa = PBXFrameworksBuildPhase;
			buildActionMask = 2147483647;
			files = (
			);
			runOnlyForDeploymentPostprocessing = 0;
		};
		DC70C2BD2EE95998008E663F /* Frameworks */ = {
			isa = PBXFrameworksBuildPhase;
			buildActionMask = 2147483647;
			files = (
			);
			runOnlyForDeploymentPostprocessing = 0;
		};
/* End PBXFrameworksBuildPhase section */

/* Begin PBXGroup section */
		DC70C2A02EE95995008E663F = {
			isa = PBXGroup;
			children = (
				DC70C2D52EE95B82008E663F /* README.md */,
				DC70C2AB2EE95995008E663F /* AgiBank-TravelLog */,
				DC70C2B92EE95998008E663F /* AgiBank-TravelLogTests */,
				DC70C2C32EE95998008E663F /* AgiBank-TravelLogUITests */,
				DC70C2AA2EE95995008E663F /* Products */,
			);
			sourceTree = "<group>";
		};
		DC70C2AA2EE95995008E663F /* Products */ = {
			isa = PBXGroup;
			children = (
				DC70C2A92EE95995008E663F /* AgiBank-TravelLog.app */,
				DC70C2B62EE95998008E663F /* AgiBank-TravelLogTests.xctest */,
				DC70C2C02EE95998008E663F /* AgiBank-TravelLogUITests.xctest */,
			);
			name = Products;
			sourceTree = "<group>";
		};
/* End PBXGroup section */

/* Begin PBXNativeTarget section */
		DC70C2A82EE95995008E663F /* AgiBank-TravelLog */ = {
			isa = PBXNativeTarget;
			buildConfigurationList = DC70C2CA2EE95998008E663F /* Build configuration list for PBXNativeTarget "AgiBank-TravelLog" */;
			buildPhases = (
				DC70C2A52EE95995008E663F /* Sources */,
				DC70C2A62EE95995008E663F /* Frameworks */,
				DC70C2A72EE95995008E663F /* Resources */,
			);
			buildRules = (
			);
			dependencies = (
			);
			fileSystemSynchronizedGroups = (
				DC70C2AB2EE95995008E663F /* AgiBank-TravelLog */,
			);
			name = "AgiBank-TravelLog";
			packageProductDependencies = (
				DC5521D12EF1193800ABAA8E /* GoogleMaps */,
				DC5521D92EF119C600ABAA8E /* SDWebImageSwiftUI */,
				DC0D7E442EF254EE00A9B370 /* GoogleGenerativeAI */,
			);
			productName = "AgiBank-TravelLog";
			productReference = DC70C2A92EE95995008E663F /* AgiBank-TravelLog.app */;
			productType = "com.apple.product-type.application";
		};
		DC70C2B52EE95998008E663F /* AgiBank-TravelLogTests */ = {
			isa = PBXNativeTarget;
			buildConfigurationList = DC70C2CD2EE95998008E663F /* Build configuration list for PBXNativeTarget "AgiBank-TravelLogTests" */;
			buildPhases = (
				DC70C2B22EE95998008E663F /* Sources */,
				DC70C2B32EE95998008E663F /* Frameworks */,
				DC70C2B42EE95998008E663F /* Resources */,
			);
			buildRules = (
			);
			dependencies = (
				DC70C2B82EE95998008E663F /* PBXTargetDependency */,
			);
			fileSystemSynchronizedGroups = (
				DC70C2B92EE95998008E663F /* AgiBank-TravelLogTests */,
			);
			name = "AgiBank-TravelLogTests";
			packageProductDependencies = (
			);
			productName = "AgiBank-TravelLogTests";
			productReference = DC70C2B62EE95998008E663F /* AgiBank-TravelLogTests.xctest */;
			productType = "com.apple.product-type.bundle.unit-test";
		};
		DC70C2BF2EE95998008E663F /* AgiBank-TravelLogUITests */ = {
			isa = PBXNativeTarget;
			buildConfigurationList = DC70C2D02EE95998008E663F /* Build configuration list for PBXNativeTarget "AgiBank-TravelLogUITests" */;
			buildPhases = (
				DC70C2BC2EE95998008E663F /* Sources */,
				DC70C2BD2EE95998008E663F /* Frameworks */,
				DC70C2BE2EE95998008E663F /* Resources */,
			);
			buildRules = (
			);
			dependencies = (
				DC70C2C22EE95998008E663F /* PBXTargetDependency */,
			);
			fileSystemSynchronizedGroups = (
				DC70C2C32EE95998008E663F /* AgiBank-TravelLogUITests */,
			);
			name = "AgiBank-TravelLogUITests";
			packageProductDependencies = (
			);
			productName = "AgiBank-TravelLogUITests";
			productReference = DC70C2C02EE95998008E663F /* AgiBank-TravelLogUITests.xctest */;
			productType = "com.apple.product-type.bundle.ui-testing";
		};
/* End PBXNativeTarget section */

/* Begin PBXProject section */
		DC70C2A12EE95995008E663F /* Project object */ = {
			isa = PBXProject;
			attributes = {
				BuildIndependentTargetsInParallel = 1;
				LastSwiftUpdateCheck = 1640;
				LastUpgradeCheck = 1640;
				TargetAttributes = {
					DC70C2A82EE95995008E663F = {
						CreatedOnToolsVersion = 16.4;
					};
					DC70C2B52EE95998008E663F = {
						CreatedOnToolsVersion = 16.4;
						TestTargetID = DC70C2A82EE95995008E663F;
					};
					DC70C2BF2EE95998008E663F = {
						CreatedOnToolsVersion = 16.4;
						TestTargetID = DC70C2A82EE95995008E663F;
					};
				};
			};
			buildConfigurationList = DC70C2A42EE95995008E663F /* Build configuration list for PBXProject "AgiBank-TravelLog" */;
			developmentRegion = en;
			hasScannedForEncodings = 0;
			knownRegions = (
				en,
				Base,
			);
			mainGroup = DC70C2A02EE95995008E663F;
			minimizedProjectReferenceProxies = 1;
			packageReferences = (
				DC5521D02EF1193800ABAA8E /* XCRemoteSwiftPackageReference "ios-maps-sdk" */,
				DC5521D82EF119C600ABAA8E /* XCRemoteSwiftPackageReference "SDWebImageSwiftUI" */,
				DC0D7E432EF254EE00A9B370 /* XCRemoteSwiftPackageReference "generative-ai-swift" */,
			);
			preferredProjectObjectVersion = 77;
			productRefGroup = DC70C2AA2EE95995008E663F /* Products */;
			projectDirPath = "";
			projectRoot = "";
			targets = (
				DC70C2A82EE95995008E663F /* AgiBank-TravelLog */,
				DC70C2B52EE95998008E663F /* AgiBank-TravelLogTests */,
				DC70C2BF2EE95998008E663F /* AgiBank-TravelLogUITests */,
			);
		};
/* End PBXProject section */

/* Begin PBXResourcesBuildPhase section */
		DC70C2A72EE95995008E663F /* Resources */ = {
			isa = PBXResourcesBuildPhase;
			buildActionMask = 2147483647;
			files = (
				DC70C2D62EE95B82008E663F /* README.md in Resources */,
			);
			runOnlyForDeploymentPostprocessing = 0;
		};
		DC70C2B42EE95998008E663F /* Resources */ = {
			isa = PBXResourcesBuildPhase;
			buildActionMask = 2147483647;
			files = (
			);
			runOnlyForDeploymentPostprocessing = 0;
		};
		DC70C2BE2EE95998008E663F /* Resources */ = {
			isa = PBXResourcesBuildPhase;
			buildActionMask = 2147483647;
			files = (
			);
			runOnlyForDeploymentPostprocessing = 0;
		};
/* End PBXResourcesBuildPhase section */

/* Begin PBXSourcesBuildPhase section */
		DC70C2A52EE95995008E663F /* Sources */ = {
			isa = PBXSourcesBuildPhase;
			buildActionMask = 2147483647;
			files = (
			);
			runOnlyForDeploymentPostprocessing = 0;
		};
		DC70C2B22EE95998008E663F /* Sources */ = {
			isa = PBXSourcesBuildPhase;
			buildActionMask = 2147483647;
			files = (
			);
			runOnlyForDeploymentPostprocessing = 0;
		};
		DC70C2BC2EE95998008E663F /* Sources */ = {
			isa = PBXSourcesBuildPhase;
			buildActionMask = 2147483647;
			files = (
			);
			runOnlyForDeploymentPostprocessing = 0;
		};
/* End PBXSourcesBuildPhase section */

/* Begin PBXTargetDependency section */
		DC70C2B82EE95998008E663F /* PBXTargetDependency */ = {
			isa = PBXTargetDependency;
			target = DC70C2A82EE95995008E663F /* AgiBank-TravelLog */;
			targetProxy = DC70C2B72EE95998008E663F /* PBXContainerItemProxy */;
		};
		DC70C2C22EE95998008E663F /* PBXTargetDependency */ = {
			isa = PBXTargetDependency;
			target = DC70C2A82EE95995008E663F /* AgiBank-TravelLog */;
			targetProxy = DC70C2C12EE95998008E663F /* PBXContainerItemProxy */;
		};
/* End PBXTargetDependency section */

/* Begin XCBuildConfiguration section */
		DC70C2C82EE95998008E663F /* Debug */ = {
			isa = XCBuildConfiguration;
			buildSettings = {
				ALWAYS_SEARCH_USER_PATHS = NO;
				ASSETCATALOG_COMPILER_GENERATE_SWIFT_ASSET_SYMBOL_EXTENSIONS = YES;
				CLANG_ANALYZER_NONNULL = YES;
				CLANG_ANALYZER_NUMBER_OBJECT_CONVERSION = YES_AGGRESSIVE;
				CLANG_CXX_LANGUAGE_STANDARD = "gnu++20";
				CLANG_ENABLE_MODULES = YES;
				CLANG_ENABLE_OBJC_ARC = YES;
				CLANG_ENABLE_OBJC_WEAK = YES;
				CLANG_WARN_BLOCK_CAPTURE_AUTORELEASING = YES;
				CLANG_WARN_BOOL_CONVERSION = YES;
				CLANG_WARN_COMMA = YES;
				CLANG_WARN_CONSTANT_CONVERSION = YES;
				CLANG_WARN_DEPRECATED_OBJC_IMPLEMENTATIONS = YES;
				CLANG_WARN_DIRECT_OBJC_ISA_USAGE = YES_ERROR;
				CLANG_WARN_DOCUMENTATION_COMMENTS = YES;
				CLANG_WARN_EMPTY_BODY = YES;
				CLANG_WARN_ENUM_CONVERSION = YES;
				CLANG_WARN_INFINITE_RECURSION = YES;
				CLANG_WARN_INT_CONVERSION = YES;
				CLANG_WARN_NON_LITERAL_NULL_CONVERSION = YES;
				CLANG_WARN_OBJC_IMPLICIT_RETAIN_SELF = YES;
				CLANG_WARN_OBJC_LITERAL_CONVERSION = YES;
				CLANG_WARN_OBJC_ROOT_CLASS = YES_ERROR;
				CLANG_WARN_QUOTED_INCLUDE_IN_FRAMEWORK_HEADER = YES;
				CLANG_WARN_RANGE_LOOP_ANALYSIS = YES;
				CLANG_WARN_STRICT_PROTOTYPES = YES;
				CLANG_WARN_SUSPICIOUS_MOVE = YES;
				CLANG_WARN_UNGUARDED_AVAILABILITY = YES_AGGRESSIVE;
				CLANG_WARN_UNREACHABLE_CODE = YES;
				CLANG_WARN__DUPLICATE_METHOD_MATCH = YES;
				COPY_PHASE_STRIP = NO;
				DEBUG_INFORMATION_FORMAT = dwarf;
				DEVELOPMENT_TEAM = SB927AN2T5;
				ENABLE_STRICT_OBJC_MSGSEND = YES;
				ENABLE_TESTABILITY = YES;
				ENABLE_USER_SCRIPT_SANDBOXING = YES;
				GCC_C_LANGUAGE_STANDARD = gnu17;
				GCC_DYNAMIC_NO_PIC = NO;
				GCC_NO_COMMON_BLOCKS = YES;
				GCC_OPTIMIZATION_LEVEL = 0;
				GCC_PREPROCESSOR_DEFINITIONS = (
					"DEBUG=1",
					"$(inherited)",
				);
				GCC_WARN_64_TO_32_BIT_CONVERSION = YES;
				GCC_WARN_ABOUT_RETURN_TYPE = YES_ERROR;
				GCC_WARN_UNDECLARED_SELECTOR = YES;
				GCC_WARN_UNINITIALIZED_AUTOS = YES_AGGRESSIVE;
				GCC_WARN_UNUSED_FUNCTION = YES;
				GCC_WARN_UNUSED_VARIABLE = YES;
				IPHONEOS_DEPLOYMENT_TARGET = 18.5;
				LOCALIZATION_PREFERS_STRING_CATALOGS = YES;
				MTL_ENABLE_DEBUG_INFO = INCLUDE_SOURCE;
				MTL_FAST_MATH = YES;
				ONLY_ACTIVE_ARCH = YES;
				SDKROOT = iphoneos;
				SWIFT_ACTIVE_COMPILATION_CONDITIONS = "DEBUG $(inherited)";
				SWIFT_OPTIMIZATION_LEVEL = "-Onone";
			};
			name = Debug;
		};
		DC70C2C92EE95998008E663F /* Release */ = {
			isa = XCBuildConfiguration;
			buildSettings = {
				ALWAYS_SEARCH_USER_PATHS = NO;
				ASSETCATALOG_COMPILER_GENERATE_SWIFT_ASSET_SYMBOL_EXTENSIONS = YES;
				CLANG_ANALYZER_NONNULL = YES;
				CLANG_ANALYZER_NUMBER_OBJECT_CONVERSION = YES_AGGRESSIVE;
				CLANG_CXX_LANGUAGE_STANDARD = "gnu++20";
				CLANG_ENABLE_MODULES = YES;
				CLANG_ENABLE_OBJC_ARC = YES;
				CLANG_ENABLE_OBJC_WEAK = YES;
				CLANG_WARN_BLOCK_CAPTURE_AUTORELEASING = YES;
				CLANG_WARN_BOOL_CONVERSION = YES;
				CLANG_WARN_COMMA = YES;
				CLANG_WARN_CONSTANT_CONVERSION = YES;
				CLANG_WARN_DEPRECATED_OBJC_IMPLEMENTATIONS = YES;
				CLANG_WARN_DIRECT_OBJC_ISA_USAGE = YES_ERROR;
				CLANG_WARN_DOCUMENTATION_COMMENTS = YES;
				CLANG_WARN_EMPTY_BODY = YES;
				CLANG_WARN_ENUM_CONVERSION = YES;
				CLANG_WARN_INFINITE_RECURSION = YES;
				CLANG_WARN_INT_CONVERSION = YES;
				CLANG_WARN_NON_LITERAL_NULL_CONVERSION = YES;
				CLANG_WARN_OBJC_IMPLICIT_RETAIN_SELF = YES;
				CLANG_WARN_OBJC_LITERAL_CONVERSION = YES;
				CLANG_WARN_OBJC_ROOT_CLASS = YES_ERROR;
				CLANG_WARN_QUOTED_INCLUDE_IN_FRAMEWORK_HEADER = YES;
				CLANG_WARN_RANGE_LOOP_ANALYSIS = YES;
				CLANG_WARN_STRICT_PROTOTYPES = YES;
				CLANG_WARN_SUSPICIOUS_MOVE = YES;
				CLANG_WARN_UNGUARDED_AVAILABILITY = YES_AGGRESSIVE;
				CLANG_WARN_UNREACHABLE_CODE = YES;
				CLANG_WARN__DUPLICATE_METHOD_MATCH = YES;
				COPY_PHASE_STRIP = NO;
				DEBUG_INFORMATION_FORMAT = "dwarf-with-dsym";
				DEVELOPMENT_TEAM = SB927AN2T5;
				ENABLE_NS_ASSERTIONS = NO;
				ENABLE_STRICT_OBJC_MSGSEND = YES;
				ENABLE_USER_SCRIPT_SANDBOXING = YES;
				GCC_C_LANGUAGE_STANDARD = gnu17;
				GCC_NO_COMMON_BLOCKS = YES;
				GCC_WARN_64_TO_32_BIT_CONVERSION = YES;
				GCC_WARN_ABOUT_RETURN_TYPE = YES_ERROR;
				GCC_WARN_UNDECLARED_SELECTOR = YES;
				GCC_WARN_UNINITIALIZED_AUTOS = YES_AGGRESSIVE;
				GCC_WARN_UNUSED_FUNCTION = YES;
				GCC_WARN_UNUSED_VARIABLE = YES;
				IPHONEOS_DEPLOYMENT_TARGET = 18.5;
				LOCALIZATION_PREFERS_STRING_CATALOGS = YES;
				MTL_ENABLE_DEBUG_INFO = NO;
				MTL_FAST_MATH = YES;
				SDKROOT = iphoneos;
				SWIFT_COMPILATION_MODE = wholemodule;
				VALIDATE_PRODUCT = YES;
			};
			name = Release;
		};
		DC70C2CB2EE95998008E663F /* Debug */ = {
			isa = XCBuildConfiguration;
			buildSettings = {
				ASSETCATALOG_COMPILER_APPICON_NAME = AppIcon;
				ASSETCATALOG_COMPILER_GLOBAL_ACCENT_COLOR_NAME = AccentColor;
				ASSETCATALOG_COMPILER_INCLUDE_ALL_APPICON_ASSETS = YES;
				CODE_SIGN_STYLE = Automatic;
				CURRENT_PROJECT_VERSION = 1;
				DEVELOPMENT_TEAM = SB927AN2T5;
				ENABLE_PREVIEWS = YES;
				GENERATE_INFOPLIST_FILE = YES;
				INFOPLIST_FILE = "AgiBank-TravelLog/Info.plist";
				INFOPLIST_KEY_NSLocationAlwaysAndWhenInUseUsageDescription = "Para mostrar rotas e opções de transporte em tempo real";
				INFOPLIST_KEY_NSLocationWhenInUseUsageDescription = "Precisamos da sua localização para mostrar opções de transporte próximas";
				INFOPLIST_KEY_UIApplicationSceneManifest_Generation = YES;
				INFOPLIST_KEY_UIApplicationSupportsIndirectInputEvents = YES;
				INFOPLIST_KEY_UILaunchScreen_Generation = YES;
				INFOPLIST_KEY_UISupportedInterfaceOrientations_iPad = "UIInterfaceOrientationPortrait UIInterfaceOrientationPortraitUpsideDown UIInterfaceOrientationLandscapeLeft UIInterfaceOrientationLandscapeRight";
				INFOPLIST_KEY_UISupportedInterfaceOrientations_iPhone = "UIInterfaceOrientationPortrait UIInterfaceOrientationLandscapeLeft UIInterfaceOrientationLandscapeRight";
				LD_RUNPATH_SEARCH_PATHS = (
					"$(inherited)",
					"@executable_path/Frameworks",
				);
				MARKETING_VERSION = 1.0;
				PRODUCT_BUNDLE_IDENTIFIER = "br.com.facioli.AgiBank-TravelLog";
				PRODUCT_NAME = "$(TARGET_NAME)";
				SWIFT_EMIT_LOC_STRINGS = YES;
				SWIFT_VERSION = 5.0;
				TARGETED_DEVICE_FAMILY = "1,2";
			};
			name = Debug;
		};
		DC70C2CC2EE95998008E663F /* Release */ = {
			isa = XCBuildConfiguration;
			buildSettings = {
				ASSETCATALOG_COMPILER_APPICON_NAME = AppIcon;
				ASSETCATALOG_COMPILER_GLOBAL_ACCENT_COLOR_NAME = AccentColor;
				ASSETCATALOG_COMPILER_INCLUDE_ALL_APPICON_ASSETS = YES;
				CODE_SIGN_STYLE = Automatic;
				CURRENT_PROJECT_VERSION = 1;
				DEVELOPMENT_TEAM = SB927AN2T5;
				ENABLE_PREVIEWS = YES;
				GENERATE_INFOPLIST_FILE = YES;
				INFOPLIST_FILE = "AgiBank-TravelLog/Info.plist";
				INFOPLIST_KEY_NSLocationAlwaysAndWhenInUseUsageDescription = "Para mostrar rotas e opções de transporte em tempo real";
				INFOPLIST_KEY_NSLocationWhenInUseUsageDescription = "Precisamos da sua localização para mostrar opções de transporte próximas";
				INFOPLIST_KEY_UIApplicationSceneManifest_Generation = YES;
				INFOPLIST_KEY_UIApplicationSupportsIndirectInputEvents = YES;
				INFOPLIST_KEY_UILaunchScreen_Generation = YES;
				INFOPLIST_KEY_UISupportedInterfaceOrientations_iPad = "UIInterfaceOrientationPortrait UIInterfaceOrientationPortraitUpsideDown UIInterfaceOrientationLandscapeLeft UIInterfaceOrientationLandscapeRight";
				INFOPLIST_KEY_UISupportedInterfaceOrientations_iPhone = "UIInterfaceOrientationPortrait UIInterfaceOrientationLandscapeLeft UIInterfaceOrientationLandscapeRight";
				LD_RUNPATH_SEARCH_PATHS = (
					"$(inherited)",
					"@executable_path/Frameworks",
				);
				MARKETING_VERSION = 1.0;
				PRODUCT_BUNDLE_IDENTIFIER = "br.com.facioli.AgiBank-TravelLog";
				PRODUCT_NAME = "$(TARGET_NAME)";
				SWIFT_EMIT_LOC_STRINGS = YES;
				SWIFT_VERSION = 5.0;
				TARGETED_DEVICE_FAMILY = "1,2";
			};
			name = Release;
		};
		DC70C2CE2EE95998008E663F /* Debug */ = {
			isa = XCBuildConfiguration;
			buildSettings = {
				BUNDLE_LOADER = "$(TEST_HOST)";
				CODE_SIGN_STYLE = Automatic;
				CURRENT_PROJECT_VERSION = 1;
				DEVELOPMENT_TEAM = SB927AN2T5;
				GENERATE_INFOPLIST_FILE = YES;
				IPHONEOS_DEPLOYMENT_TARGET = 18.5;
				MARKETING_VERSION = 1.0;
				PRODUCT_BUNDLE_IDENTIFIER = "br.com.facioli.AgiBank-TravelLogTests";
				PRODUCT_NAME = "$(TARGET_NAME)";
				SWIFT_EMIT_LOC_STRINGS = NO;
				SWIFT_VERSION = 5.0;
				TARGETED_DEVICE_FAMILY = "1,2";
				TEST_HOST = "$(BUILT_PRODUCTS_DIR)/AgiBank-TravelLog.app/$(BUNDLE_EXECUTABLE_FOLDER_PATH)/AgiBank-TravelLog";
			};
			name = Debug;
		};
		DC70C2CF2EE95998008E663F /* Release */ = {
			isa = XCBuildConfiguration;
			buildSettings = {
				BUNDLE_LOADER = "$(TEST_HOST)";
				CODE_SIGN_STYLE = Automatic;
				CURRENT_PROJECT_VERSION = 1;
				DEVELOPMENT_TEAM = SB927AN2T5;
				GENERATE_INFOPLIST_FILE = YES;
				IPHONEOS_DEPLOYMENT_TARGET = 18.5;
				MARKETING_VERSION = 1.0;
				PRODUCT_BUNDLE_IDENTIFIER = "br.com.facioli.AgiBank-TravelLogTests";
				PRODUCT_NAME = "$(TARGET_NAME)";
				SWIFT_EMIT_LOC_STRINGS = NO;
				SWIFT_VERSION = 5.0;
				TARGETED_DEVICE_FAMILY = "1,2";
				TEST_HOST = "$(BUILT_PRODUCTS_DIR)/AgiBank-TravelLog.app/$(BUNDLE_EXECUTABLE_FOLDER_PATH)/AgiBank-TravelLog";
			};
			name = Release;
		};
		DC70C2D12EE95998008E663F /* Debug */ = {
			isa = XCBuildConfiguration;
			buildSettings = {
				CODE_SIGN_STYLE = Automatic;
				CURRENT_PROJECT_VERSION = 1;
				DEVELOPMENT_TEAM = SB927AN2T5;
				GENERATE_INFOPLIST_FILE = YES;
				MARKETING_VERSION = 1.0;
				PRODUCT_BUNDLE_IDENTIFIER = "br.com.facioli.AgiBank-TravelLogUITests";
				PRODUCT_NAME = "$(TARGET_NAME)";
				SWIFT_EMIT_LOC_STRINGS = NO;
				SWIFT_VERSION = 5.0;
				TARGETED_DEVICE_FAMILY = "1,2";
				TEST_TARGET_NAME = "AgiBank-TravelLog";
			};
			name = Debug;
		};
		DC70C2D22EE95998008E663F /* Release */ = {
			isa = XCBuildConfiguration;
			buildSettings = {
				CODE_SIGN_STYLE = Automatic;
				CURRENT_PROJECT_VERSION = 1;
				DEVELOPMENT_TEAM = SB927AN2T5;
				GENERATE_INFOPLIST_FILE = YES;
				MARKETING_VERSION = 1.0;
				PRODUCT_BUNDLE_IDENTIFIER = "br.com.facioli.AgiBank-TravelLogUITests";
				PRODUCT_NAME = "$(TARGET_NAME)";
				SWIFT_EMIT_LOC_STRINGS = NO;
				SWIFT_VERSION = 5.0;
				TARGETED_DEVICE_FAMILY = "1,2";
				TEST_TARGET_NAME = "AgiBank-TravelLog";
			};
			name = Release;
		};
/* End XCBuildConfiguration section */

/* Begin XCConfigurationList section */
		DC70C2A42EE95995008E663F /* Build configuration list for PBXProject "AgiBank-TravelLog" */ = {
			isa = XCConfigurationList;
			buildConfigurations = (
				DC70C2C82EE95998008E663F /* Debug */,
				DC70C2C92EE95998008E663F /* Release */,
			);
			defaultConfigurationIsVisible = 0;
			defaultConfigurationName = Release;
		};
		DC70C2CA2EE95998008E663F /* Build configuration list for PBXNativeTarget "AgiBank-TravelLog" */ = {
			isa = XCConfigurationList;
			buildConfigurations = (
				DC70C2CB2EE95998008E663F /* Debug */,
				DC70C2CC2EE95998008E663F /* Release */,
			);
			defaultConfigurationIsVisible = 0;
			defaultConfigurationName = Release;
		};
		DC70C2CD2EE95998008E663F /* Build configuration list for PBXNativeTarget "AgiBank-TravelLogTests" */ = {
			isa = XCConfigurationList;
			buildConfigurations = (
				DC70C2CE2EE95998008E663F /* Debug */,
				DC70C2CF2EE95998008E663F /* Release */,
			);
			defaultConfigurationIsVisible = 0;
			defaultConfigurationName = Release;
		};
		DC70C2D02EE95998008E663F /* Build configuration list for PBXNativeTarget "AgiBank-TravelLogUITests" */ = {
			isa = XCConfigurationList;
			buildConfigurations = (
				DC70C2D12EE95998008E663F /* Debug */,
				DC70C2D22EE95998008E663F /* Release */,
			);
			defaultConfigurationIsVisible = 0;
			defaultConfigurationName = Release;
		};
/* End XCConfigurationList section */

/* Begin XCRemoteSwiftPackageReference section */
		DC0D7E432EF254EE00A9B370 /* XCRemoteSwiftPackageReference "generative-ai-swift" */ = {
			isa = XCRemoteSwiftPackageReference;
			repositoryURL = "https://github.com/google-gemini/generative-ai-swift";
			requirement = {
				kind = upToNextMajorVersion;
				minimumVersion = 0.5.6;
			};
		};
		DC5521D02EF1193800ABAA8E /* XCRemoteSwiftPackageReference "ios-maps-sdk" */ = {
			isa = XCRemoteSwiftPackageReference;
			repositoryURL = "https://github.com/googlemaps/ios-maps-sdk";
			requirement = {
				kind = upToNextMajorVersion;
				minimumVersion = 10.6.0;
			};
		};
		DC5521D82EF119C600ABAA8E /* XCRemoteSwiftPackageReference "SDWebImageSwiftUI" */ = {
			isa = XCRemoteSwiftPackageReference;
			repositoryURL = "https://github.com/SDWebImage/SDWebImageSwiftUI";
			requirement = {
				kind = upToNextMajorVersion;
				minimumVersion = 3.1.4;
			};
		};
/* End XCRemoteSwiftPackageReference section */

/* Begin XCSwiftPackageProductDependency section */
		DC0D7E442EF254EE00A9B370 /* GoogleGenerativeAI */ = {
			isa = XCSwiftPackageProductDependency;
			package = DC0D7E432EF254EE00A9B370 /* XCRemoteSwiftPackageReference "generative-ai-swift" */;
			productName = GoogleGenerativeAI;
		};
		DC5521D12EF1193800ABAA8E /* GoogleMaps */ = {
			isa = XCSwiftPackageProductDependency;
			package = DC5521D02EF1193800ABAA8E /* XCRemoteSwiftPackageReference "ios-maps-sdk" */;
			productName = GoogleMaps;
		};
		DC5521D92EF119C600ABAA8E /* SDWebImageSwiftUI */ = {
			isa = XCSwiftPackageProductDependency;
			package = DC5521D82EF119C600ABAA8E /* XCRemoteSwiftPackageReference "SDWebImageSwiftUI" */;
			productName = SDWebImageSwiftUI;
		};
/* End XCSwiftPackageProductDependency section */
	};
	rootObject = DC70C2A12EE95995008E663F /* Project object */;
}
